
Microsoft Visual Studio Solution File, Format Version 12.00
# Visual Studio Version 18
VisualStudioVersion = 18.0.11222.15 d18.0
MinimumVisualStudioVersion = 10.0.40219.1
Project("{FAE04EC0-301F-11D3-BF4B-00C04F79EFBC}") = "MauiAppHafta3", "Hafta3\MauiAppHafta3\MauiAppHafta3.csproj", "{6956A44F-7635-BF06-ADFC-49B0A332DB25}"
EndProject
Project("{2150E333-8FDC-42A3-9474-1A3956D46DE8}") = "Hafta04", "Hafta04", "{02EA681E-C7D8-13C7-8484-4AC65E1B71E8}"
EndProject
Project("{2150E333-8FDC-42A3-9474-1A3956D46DE8}") = "Hafta03", "Hafta03", "{AED95378-98AF-48B2-835E-D0522BB58CAD}"
EndProject
Project("{FAE04EC0-301F-11D3-BF4B-00C04F79EFBC}") = "MauiApp_PagesLayouts", "Hafta4\MauiApp_PagesLayouts\MauiApp_PagesLayouts.csproj", "{C972709A-60BB-4505-BEE6-91AE5F1B1D7D}"
EndProject
Project("{2150E333-8FDC-42A3-9474-1A3956D46DE8}") = "Hafta05", "Hafta05", "{AB8D67F4-77DE-4957-86E7-FF340292E223}"
EndProject
Project("{FAE04EC0-301F-11D3-BF4B-00C04F79EFBC}") = "CarListApp", "Hafta5\CarListApp\CarListApp.csproj", "{6C5D88A9-684F-41C6-9FE1-D90D1B879845}"
EndProject
Project("{2150E333-8FDC-42A3-9474-1A3956D46DE8}") = "Hafta06-07", "Hafta06-07", "{6EAA81F2-7B6C-4A9F-AB01-B3DA2A16A2DD}"
EndProject
Project("{FAE04EC0-301F-11D3-BF4B-00C04F79EFBC}") = "EmlakIlanApp", "Hafta6_7\EmlakIlanApp\EmlakIlanApp.csproj", "{11E433EB-144B-498E-AE29-D9CE549F2772}"
EndProject
Project("{2150E333-8FDC-42A3-9474-1A3956D46DE8}") = "Hafta10-11-12", "Hafta10-11-12", "{6D26680E-2A4A-4E17-8B55-711F87F68635}"
EndProject
Project("{FAE04EC0-301F-11D3-BF4B-00C04F79EFBC}") = "EntityLayer", "Hafta10_11_12\EntityLayer\EntityLayer.csproj", "{D28B6B41-1FBD-74E6-EB9D-78AB3FB50195}"
EndProject
Project("{FAE04EC0-301F-11D3-BF4B-00C04F79EFBC}") = "DataLayer", "Hafta10_11_12\DataLayer\DataLayer.csproj", "{6A5BE8AD-0D6B-B7C2-5E1C-A93359405521}"
EndProject
Project("{FAE04EC0-301F-11D3-BF4B-00C04F79EFBC}") = "BusinessLayer", "Hafta10_11_12\BusinessLayer\BusinessLayer.csproj", "{7ACCF6F2-F802-755F-449C-72701D5C1252}"
EndProject
Project("{FAE04EC0-301F-11D3-BF4B-00C04F79EFBC}") = "MauiRehberApp", "Hafta10_11_12\MauiRehberApp\MauiRehberApp.csproj", "{0B974F7A-1D46-91B4-F268-099A419308D8}"
EndProject
Global
	GlobalSection(SolutionConfigurationPlatforms) = preSolution
		Debug|Any CPU = Debug|Any CPU
		Release|Any CPU = Release|Any CPU
	EndGlobalSection
	GlobalSection(ProjectConfigurationPlatforms) = postSolution
		{6956A44F-7635-BF06-ADFC-49B0A332DB25}.Debug|Any CPU.ActiveCfg = Debug|Any CPU
		{6956A44F-7635-BF06-ADFC-49B0A332DB25}.Debug|Any CPU.Build.0 = Debug|Any CPU
		{6956A44F-7635-BF06-ADFC-49B0A332DB25}.Debug|Any CPU.Deploy.0 = Debug|Any CPU
		{6956A44F-7635-BF06-ADFC-49B0A332DB25}.Release|Any CPU.ActiveCfg = Release|Any CPU
		{6956A44F-7635-BF06-ADFC-49B0A332DB25}.Release|Any CPU.Build.0 = Release|Any CPU
		{C972709A-60BB-4505-BEE6-91AE5F1B1D7D}.Debug|Any CPU.ActiveCfg = Debug|Any CPU
		{C972709A-60BB-4505-BEE6-91AE5F1B1D7D}.Debug|Any CPU.Build.0 = Debug|Any CPU
		{C972709A-60BB-4505-BEE6-91AE5F1B1D7D}.Debug|Any CPU.Deploy.0 = Debug|Any CPU
		{C972709A-60BB-4505-BEE6-91AE5F1B1D7D}.Release|Any CPU.ActiveCfg = Release|Any CPU
		{C972709A-60BB-4505-BEE6-91AE5F1B1D7D}.Release|Any CPU.Build.0 = Release|Any CPU
		{6C5D88A9-684F-41C6-9FE1-D90D1B879845}.Debug|Any CPU.ActiveCfg = Debug|Any CPU
		{6C5D88A9-684F-41C6-9FE1-D90D1B879845}.Debug|Any CPU.Build.0 = Debug|Any CPU
		{6C5D88A9-684F-41C6-9FE1-D90D1B879845}.Debug|Any CPU.Deploy.0 = Debug|Any CPU
		{6C5D88A9-684F-41C6-9FE1-D90D1B879845}.Release|Any CPU.ActiveCfg = Release|Any CPU
		{6C5D88A9-684F-41C6-9FE1-D90D1B879845}.Release|Any CPU.Build.0 = Release|Any CPU
		{11E433EB-144B-498E-AE29-D9CE549F2772}.Debug|Any CPU.ActiveCfg = Debug|Any CPU
		{11E433EB-144B-498E-AE29-D9CE549F2772}.Debug|Any CPU.Build.0 = Debug|Any CPU
		{11E433EB-144B-498E-AE29-D9CE549F2772}.Debug|Any CPU.Deploy.0 = Debug|Any CPU
		{11E433EB-144B-498E-AE29-D9CE549F2772}.Release|Any CPU.ActiveCfg = Release|Any CPU
		{11E433EB-144B-498E-AE29-D9CE549F2772}.Release|Any CPU.Build.0 = Release|Any CPU
		{D28B6B41-1FBD-74E6-EB9D-78AB3FB50195}.Debug|Any CPU.ActiveCfg = Debug|Any CPU
		{D28B6B41-1FBD-74E6-EB9D-78AB3FB50195}.Debug|Any CPU.Build.0 = Debug|Any CPU
		{D28B6B41-1FBD-74E6-EB9D-78AB3FB50195}.Release|Any CPU.ActiveCfg = Release|Any CPU
		{D28B6B41-1FBD-74E6-EB9D-78AB3FB50195}.Release|Any CPU.Build.0 = Release|Any CPU
		{6A5BE8AD-0D6B-B7C2-5E1C-A93359405521}.Debug|Any CPU.ActiveCfg = Debug|Any CPU
		{6A5BE8AD-0D6B-B7C2-5E1C-A93359405521}.Debug|Any CPU.Build.0 = Debug|Any CPU
		{6A5BE8AD-0D6B-B7C2-5E1C-A93359405521}.Release|Any CPU.ActiveCfg = Release|Any CPU
		{6A5BE8AD-0D6B-B7C2-5E1C-A93359405521}.Release|Any CPU.Build.0 = Release|Any CPU
		{7ACCF6F2-F802-755F-449C-72701D5C1252}.Debug|Any CPU.ActiveCfg = Debug|Any CPU
		{7ACCF6F2-F802-755F-449C-72701D5C1252}.Debug|Any CPU.Build.0 = Debug|Any CPU
		{7ACCF6F2-F802-755F-449C-72701D5C1252}.Release|Any CPU.ActiveCfg = Release|Any CPU
		{7ACCF6F2-F802-755F-449C-72701D5C1252}.Release|Any CPU.Build.0 = Release|Any CPU
		{0B974F7A-1D46-91B4-F268-099A419308D8}.Debug|Any CPU.ActiveCfg = Debug|Any CPU
		{0B974F7A-1D46-91B4-F268-099A419308D8}.Debug|Any CPU.Build.0 = Debug|Any CPU
		{0B974F7A-1D46-91B4-F268-099A419308D8}.Debug|Any CPU.Deploy.0 = Debug|Any CPU
		{0B974F7A-1D46-91B4-F268-099A419308D8}.Release|Any CPU.ActiveCfg = Release|Any CPU
		{0B974F7A-1D46-91B4-F268-099A419308D8}.Release|Any CPU.Build.0 = Release|Any CPU
	EndGlobalSection
	GlobalSection(SolutionProperties) = preSolution
		HideSolutionNode = FALSE
	EndGlobalSection
	GlobalSection(NestedProjects) = preSolution
		{6956A44F-7635-BF06-ADFC-49B0A332DB25} = {AED95378-98AF-48B2-835E-D0522BB58CAD}
		{C972709A-60BB-4505-BEE6-91AE5F1B1D7D} = {02EA681E-C7D8-13C7-8484-4AC65E1B71E8}
		{6C5D88A9-684F-41C6-9FE1-D90D1B879845} = {AB8D67F4-77DE-4957-86E7-FF340292E223}
		{11E433EB-144B-498E-AE29-D9CE549F2772} = {6EAA81F2-7B6C-4A9F-AB01-B3DA2A16A2DD}
		{D28B6B41-1FBD-74E6-EB9D-78AB3FB50195} = {6D26680E-2A4A-4E17-8B55-711F87F68635}
		{6A5BE8AD-0D6B-B7C2-5E1C-A93359405521} = {6D26680E-2A4A-4E17-8B55-711F87F68635}
		{7ACCF6F2-F802-755F-449C-72701D5C1252} = {6D26680E-2A4A-4E17-8B55-711F87F68635}
		{0B974F7A-1D46-91B4-F268-099A419308D8} = {6D26680E-2A4A-4E17-8B55-711F87F68635}
	EndGlobalSection
	GlobalSection(ExtensibilityGlobals) = postSolution
		SolutionGuid = {D5ED0F51-5D1A-45F4-AE53-108E9942C50D}
	EndGlobalSection
EndGlobal
